
Microsoft Visual Studio Solution File, Format Version 12.00
# Visual Studio Version 16
VisualStudioVersion = 16.0.33529.622
MinimumVisualStudioVersion = 10.0.40219.1
Project("{FAE04EC0-301F-11D3-BF4B-00C04F79EFBC}") = "CrudOperationUsingEF", "CrudOperationUsingEF.csproj", "{7D674D3F-5FFA-4141-8446-8B62DD1731FB}"
EndProject
Global
	GlobalSection(SolutionConfigurationPlatforms) = preSolution
		Debug|Any CPU = Debug|Any CPU
		Release|Any CPU = Release|Any CPU
	EndGlobalSection
	GlobalSection(ProjectConfigurationPlatforms) = postSolution
		{7D674D3F-5FFA-4141-8446-8B62DD1731FB}.Debug|Any CPU.ActiveCfg = Debug|Any CPU
		{7D674D3F-5FFA-4141-8446-8B62DD1731FB}.Debug|Any CPU.Build.0 = Debug|Any CPU
		{7D674D3F-5FFA-4141-8446-8B62DD1731FB}.Release|Any CPU.ActiveCfg = Release|Any CPU
		{7D674D3F-5FFA-4141-8446-8B62DD1731FB}.Release|Any CPU.Build.0 = Release|Any CPU
	EndGlobalSection
	GlobalSection(SolutionProperties) = preSolution
		HideSolutionNode = FALSE
	EndGlobalSection
	GlobalSection(ExtensibilityGlobals) = postSolution
		SolutionGuid = {561A330A-1B13-42C1-BFCC-B843954B8102}
	EndGlobalSection
EndGlobal
